---
lockfileVersion: 1
lockfileVendor: redhat
arches:
- arch: x86_64
  packages:
  - url: https://cdn.redhat.com/content/dist/rhel9/9.4/x86_64/appstream/os/Packages/c/cargo-1.75.0-1.el9.x86_64.rpm
    repoid: rhel-9-for-x86_64-appstream-rpms
    size: 6705303
    checksum: sha256:0561082ed6cf1e36108095c4ff72beb3d4b1d2d20b5f4c80308b4c3d273e777e
    name: cargo
    evr: 1.75.0-1.el9
    sourcerpm: rust-1.75.0-1.el9.src.rpm
  - url: https://cdn.redhat.com/content/dist/rhel9/9.4/x86_64/appstream/os/Packages/c/cpp-11.4.1-3.el9.x86_64.rpm
    repoid: rhel-9-for-x86_64-appstream-rpms
    size: 11153534
    checksum: sha256:45907c9130a09f20f2e7bdb09f7371a1b6221c161a492dfab0a744fbe5e66e7e
    name: cpp
    evr: 11.4.1-3.el9
    sourcerpm: gcc-11.4.1-3.el9.src.rpm
  - url: https://cdn.redhat.com/content/dist/rhel9/9.4/x86_64/appstream/os/Packages/g/gcc-11.4.1-3.el9.x86_64.rpm
    repoid: rhel-9-for-x86_64-appstream-rpms
    size: 33805852
    checksum: sha256:18668f95c29b72e90ff42811a378c8c2ee8db71aff07de09a156aa7388720cb8
    name: gcc
    evr: 11.4.1-3.el9
    sourcerpm: gcc-11.4.1-3.el9.src.rpm
  - url: https://cdn.redhat.com/content/dist/rhel9/9.4/x86_64/appstream/os/Packages/g/glibc-devel-2.34-100.el9_4.4.x86_64.rpm
    repoid: rhel-9-for-x86_64-appstream-rpms
    size: 36205
    checksum: sha256:c7c88469c845e5550037d17d544c2fdcde683e6410e6aad77b5cdd09580d15ca
    name: glibc-devel
    evr: 2.34-100.el9_4.4
    sourcerpm: glibc-2.34-100.el9_4.4.src.rpm
  - url: https://cdn.redhat.com/content/dist/rhel9/9.4/x86_64/appstream/os/Packages/g/glibc-headers-2.34-100.el9_4.4.x86_64.rpm
    repoid: rhel-9-for-x86_64-appstream-rpms
    size: 553893
    checksum: sha256:2dc0c045df41e6d5f34c846a8c8ffd77b1618bdd05b920f85bb27742b208bcff
    name: glibc-headers
    evr: 2.34-100.el9_4.4
    sourcerpm: glibc-2.34-100.el9_4.4.src.rpm
  - url: https://cdn.redhat.com/content/dist/rhel9/9.4/x86_64/appstream/os/Packages/k/kernel-headers-5.14.0-427.42.1.el9_4.x86_64.rpm
    repoid: rhel-9-for-x86_64-appstream-rpms
    size: 6578513
    checksum: sha256:a7767c560b0ca3864c47284316c73f58a7ff01b0be46ec4330a635b19ad80f5f
    name: kernel-headers
    evr: 5.14.0-427.42.1.el9_4
    sourcerpm: kernel-5.14.0-427.42.1.el9_4.src.rpm
  - url: https://cdn.redhat.com/content/dist/rhel9/9.4/x86_64/appstream/os/Packages/l/libmpc-1.2.1-4.el9.x86_64.rpm
    repoid: rhel-9-for-x86_64-appstream-rpms
    size: 66075
    checksum: sha256:b97b4e98c3c6f41dcfc2ceb4ffa1aba7a338b7cfd9e6c4f63e3160dd3cc033d3
    name: libmpc
    evr: 1.2.1-4.el9
    sourcerpm: libmpc-1.2.1-4.el9.src.rpm
  - url: https://cdn.redhat.com/content/dist/rhel9/9.4/x86_64/appstream/os/Packages/l/libxcrypt-devel-4.4.18-3.el9.x86_64.rpm
    repoid: rhel-9-for-x86_64-appstream-rpms
    size: 33101
    checksum: sha256:c1d171391a7d2e043a6953efd3df3e01edc9b4c6cdb54517e1608d204a5fce18
    name: libxcrypt-devel
    evr: 4.4.18-3.el9
    sourcerpm: libxcrypt-4.4.18-3.el9.src.rpm
  - url: https://cdn.redhat.com/content/dist/rhel9/9.4/x86_64/appstream/os/Packages/l/llvm-libs-17.0.6-5.el9.x86_64.rpm
    repoid: rhel-9-for-x86_64-appstream-rpms
    size: 25743310
    checksum: sha256:1e9e470c0385fee6e35abff00e417338437ee70685040ff4b343129a0ce66ec5
    name: llvm-libs
    evr: 17.0.6-5.el9
    sourcerpm: llvm-17.0.6-5.el9.src.rpm
  - url: https://cdn.redhat.com/content/dist/rhel9/9.4/x86_64/appstream/os/Packages/p/protobuf-3.14.0-13.el9.x86_64.rpm
    repoid: rhel-9-for-x86_64-appstream-rpms
    size: 1060262
    checksum: sha256:671f257fce903bd5c3dfb7316daa2efc7d8f5aa7de5c9dafc5a8883e246afc7e
    name: protobuf
    evr: 3.14.0-13.el9
    sourcerpm: protobuf-3.14.0-13.el9.src.rpm
  - url: https://cdn.redhat.com/content/dist/rhel9/9.4/x86_64/appstream/os/Packages/r/rust-1.75.0-1.el9.x86_64.rpm
    repoid: rhel-9-for-x86_64-appstream-rpms
    size: 25577052
    checksum: sha256:16d70ef1f6c9884ced2b9f3e656c2dddddc0d4774fb90fe0e04a8506df28e4d6
    name: rust
    evr: 1.75.0-1.el9
    sourcerpm: rust-1.75.0-1.el9.src.rpm
  - url: https://cdn.redhat.com/content/dist/rhel9/9.4/x86_64/appstream/os/Packages/r/rust-std-static-1.75.0-1.el9.x86_64.rpm
    repoid: rhel-9-for-x86_64-appstream-rpms
    size: 30413394
    checksum: sha256:da08841a5404b0923cd66fbda617ed279bbc2da62b3915d7475c26fb59770845
    name: rust-std-static
    evr: 1.75.0-1.el9
    sourcerpm: rust-1.75.0-1.el9.src.rpm
  - url: https://cdn.redhat.com/content/dist/rhel9/9.4/x86_64/appstream/os/Packages/r/rust-toolset-1.75.0-1.el9.noarch.rpm
    repoid: rhel-9-for-x86_64-appstream-rpms
    size: 13082
    checksum: sha256:d1b99a3fe42114436dd35ed0010cea12ad5205685dbdb83bd30837715f2b202f
    name: rust-toolset
    evr: 1.75.0-1.el9
    sourcerpm: rust-1.75.0-1.el9.src.rpm
  - url: https://cdn.redhat.com/content/dist/rhel9/9.4/x86_64/baseos/os/Packages/b/binutils-2.35.2-43.el9.x86_64.rpm
    repoid: rhel-9-for-x86_64-baseos-rpms
    size: 4814336
    checksum: sha256:699736ac7d7c7923698dc5e441bdbf6d70f35eeba7ae43d6606ce5dbbf1ec2fb
    name: binutils
    evr: 2.35.2-43.el9
    sourcerpm: binutils-2.35.2-43.el9.src.rpm
  - url: https://cdn.redhat.com/content/dist/rhel9/9.4/x86_64/baseos/os/Packages/b/binutils-gold-2.35.2-43.el9.x86_64.rpm
    repoid: rhel-9-for-x86_64-baseos-rpms
    size: 754052
    checksum: sha256:943aaa9fcd7455f453d9cb7b2b54b2fdd5d312ee7f88f2f586db666c89260936
    name: binutils-gold
    evr: 2.35.2-43.el9
    sourcerpm: binutils-2.35.2-43.el9.src.rpm
  - url: https://cdn.redhat.com/content/dist/rhel9/9.4/x86_64/baseos/os/Packages/e/elfutils-debuginfod-client-0.190-2.el9.x86_64.rpm
    repoid: rhel-9-for-x86_64-baseos-rpms
    size: 39619
    checksum: sha256:8318e4801d9a4e5cb9c0b647b8b3c1d969627d8f8ced0d5220bdddf668583e63
    name: elfutils-debuginfod-client
    evr: 0.190-2.el9
    sourcerpm: elfutils-0.190-2.el9.src.rpm
  - url: https://cdn.redhat.com/content/dist/rhel9/9.4/x86_64/baseos/os/Packages/g/glibc-2.34-100.el9_4.4.x86_64.rpm
    repoid: rhel-9-for-x86_64-baseos-rpms
    size: 2066882
    checksum: sha256:f2ab157525ff3ab2d4e6fa0d77fa58e0d6174a167a6c378d9302f146926f6bdb
    name: glibc
    evr: 2.34-100.el9_4.4
    sourcerpm: glibc-2.34-100.el9_4.4.src.rpm
  - url: https://cdn.redhat.com/content/dist/rhel9/9.4/x86_64/baseos/os/Packages/g/glibc-common-2.34-100.el9_4.4.x86_64.rpm
    repoid: rhel-9-for-x86_64-baseos-rpms
    size: 314113
    checksum: sha256:85f9311225af5fdd235f23b63f243058aeee9b65b14c55a2d9bbdd1409de8970
    name: glibc-common
    evr: 2.34-100.el9_4.4
    sourcerpm: glibc-2.34-100.el9_4.4.src.rpm
  - url: https://cdn.redhat.com/content/dist/rhel9/9.4/x86_64/baseos/os/Packages/g/glibc-langpack-en-2.34-100.el9_4.4.x86_64.rpm
    repoid: rhel-9-for-x86_64-baseos-rpms
    size: 674961
    checksum: sha256:404ea4f5108366a13109b46230ced6e7fe96fdf6aa90ea2bcf9b63f25ba1a702
    name: glibc-langpack-en
    evr: 2.34-100.el9_4.4
    sourcerpm: glibc-2.34-100.el9_4.4.src.rpm
  - url: https://cdn.redhat.com/content/dist/rhel9/9.4/x86_64/baseos/os/Packages/g/glibc-minimal-langpack-2.34-100.el9_4.4.x86_64.rpm
    repoid: rhel-9-for-x86_64-baseos-rpms
    size: 21129
    checksum: sha256:1e85eceb7b60d23c1f9f93373e3a03d1938fe8362ff5dca9889226984149570c
    name: glibc-minimal-langpack
    evr: 2.34-100.el9_4.4
    sourcerpm: glibc-2.34-100.el9_4.4.src.rpm
  - url: https://cdn.redhat.com/content/dist/rhel9/9.4/x86_64/baseos/os/Packages/l/libedit-3.1-38.20210216cvs.el9.x86_64.rpm
    repoid: rhel-9-for-x86_64-baseos-rpms
    size: 109330
    checksum: sha256:9e41ff5754a5dca1308adf9617828934d56cb60d8d08f128f80e4328f69bc78c
    name: libedit
    evr: 3.1-38.20210216cvs.el9
    sourcerpm: libedit-3.1-38.20210216cvs.el9.src.rpm
  - url: https://cdn.redhat.com/content/dist/rhel9/9.4/x86_64/baseos/os/Packages/l/libgomp-11.4.1-3.el9.x86_64.rpm
    repoid: rhel-9-for-x86_64-baseos-rpms
    size: 276984
    checksum: sha256:6aeb5c48a9c01c9f383cbaf99d2b550faa64fcbe298c546db9b98651088bcf55
    name: libgomp
    evr: 11.4.1-3.el9
    sourcerpm: gcc-11.4.1-3.el9.src.rpm
  - url: https://cdn.redhat.com/content/dist/rhel9/9.4/x86_64/baseos/os/Packages/l/libpkgconf-1.7.3-10.el9.x86_64.rpm
    repoid: rhel-9-for-x86_64-baseos-rpms
    size: 38387
    checksum: sha256:4feae5941b73640bd86b8d506a657cac5b770043db1464fbcd207721b2159dda
    name: libpkgconf
    evr: 1.7.3-10.el9
    sourcerpm: pkgconf-1.7.3-10.el9.src.rpm
  - url: https://cdn.redhat.com/content/dist/rhel9/9.4/x86_64/baseos/os/Packages/m/make-4.3-8.el9.x86_64.rpm
    repoid: rhel-9-for-x86_64-baseos-rpms
    size: 553896
    checksum: sha256:561f0c2251e9217c81a6c88de4d2d9231a039aaab37e8a0d2559d36ce9fa85fd
    name: make
    evr: 1:4.3-8.el9
    sourcerpm: make-4.3-8.el9.src.rpm
  - url: https://cdn.redhat.com/content/dist/rhel9/9.4/x86_64/baseos/os/Packages/p/pkgconf-1.7.3-10.el9.x86_64.rpm
    repoid: rhel-9-for-x86_64-baseos-rpms
    size: 45675
    checksum: sha256:bb47b4ecc499c308f41031a99e723827d152d5d750f59849d0c265d820944a26
    name: pkgconf
    evr: 1.7.3-10.el9
    sourcerpm: pkgconf-1.7.3-10.el9.src.rpm
  - url: https://cdn.redhat.com/content/dist/rhel9/9.4/x86_64/baseos/os/Packages/p/pkgconf-m4-1.7.3-10.el9.noarch.rpm
    repoid: rhel-9-for-x86_64-baseos-rpms
    size: 16054
    checksum: sha256:91bafd6e06099451f60288327b275cfcc651822f6145176a157c6b0fa5131e02
    name: pkgconf-m4
    evr: 1.7.3-10.el9
    sourcerpm: pkgconf-1.7.3-10.el9.src.rpm
  - url: https://cdn.redhat.com/content/dist/rhel9/9.4/x86_64/baseos/os/Packages/p/pkgconf-pkg-config-1.7.3-10.el9.x86_64.rpm
    repoid: rhel-9-for-x86_64-baseos-rpms
    size: 12438
    checksum: sha256:9a502d81d73d3303ceb53a06ad7ce525c97117ea64352174a33708bf3429283d
    name: pkgconf-pkg-config
    evr: 1.7.3-10.el9
    sourcerpm: pkgconf-1.7.3-10.el9.src.rpm
  - url: https://cdn.redhat.com/content/dist/rhel9/9.4/x86_64/codeready-builder/os/Packages/p/protobuf-compiler-3.14.0-13.el9.x86_64.rpm
    repoid: codeready-builder-for-rhel-9-x86_64-rpms
    size: 886661
    checksum: sha256:5c3347d5fda16a001477b4b378c88f895488f6f0ff00432ebd302dd92f46193c
    name: protobuf-compiler
    evr: 3.14.0-13.el9
    sourcerpm: protobuf-3.14.0-13.el9.src.rpm
  source: []
  module_metadata: []
