---
lockfileVersion: 1
lockfileVendor: redhat
arches:
- arch: aarch64
  packages:
  - url: https://cdn.redhat.com/content/dist/rhel9/9.4/aarch64/appstream/os/Packages/c/cargo-1.75.0-1.el9.aarch64.rpm
    repoid: rhel-9-for-aarch64-appstream-rpms
    size: 6367582
    checksum: sha256:2ee4ce96f53e009b0de6253e8aee34622d9cac222b6805a61a4b814f58f4786d
    name: cargo
    evr: 1.75.0-1.el9
    sourcerpm: rust-1.75.0-1.el9.src.rpm
  - url: https://cdn.redhat.com/content/dist/rhel9/9.4/aarch64/appstream/os/Packages/c/cpp-11.4.1-3.el9.aarch64.rpm
    repoid: rhel-9-for-aarch64-appstream-rpms
    size: 10801753
    checksum: sha256:8045909729e63fcaf1a7f70b2f21657fdefa6e886828cfa6b72bee03dcc7eefd
    name: cpp
    evr: 11.4.1-3.el9
    sourcerpm: gcc-11.4.1-3.el9.src.rpm
  - url: https://cdn.redhat.com/content/dist/rhel9/9.4/aarch64/appstream/os/Packages/g/gcc-11.4.1-3.el9.aarch64.rpm
    repoid: rhel-9-for-aarch64-appstream-rpms
    size: 31279520
    checksum: sha256:5345b9f67ff0e6d116d22d6ac0e3c00269df72a0ec14ac08ac571523349b878c
    name: gcc
    evr: 11.4.1-3.el9
    sourcerpm: gcc-11.4.1-3.el9.src.rpm
  - url: https://cdn.redhat.com/content/dist/rhel9/9.4/aarch64/appstream/os/Packages/g/glibc-devel-2.34-100.el9_4.4.aarch64.rpm
    repoid: rhel-9-for-aarch64-appstream-rpms
    size: 562909
    checksum: sha256:659ea1f0a46b8ac68babb9db5494e549ba366e18a2ed02e9b9da170c0bdefa9d
    name: glibc-devel
    evr: 2.34-100.el9_4.4
    sourcerpm: glibc-2.34-100.el9_4.4.src.rpm
  - url: https://cdn.redhat.com/content/dist/rhel9/9.4/aarch64/appstream/os/Packages/k/kernel-headers-5.14.0-427.42.1.el9_4.aarch64.rpm
    repoid: rhel-9-for-aarch64-appstream-rpms
    size: 6541529
    checksum: sha256:fda104e35b0ca0d60950e2d97af914b29557e0d3d77e0e5d443a1f5af6312736
    name: kernel-headers
    evr: 5.14.0-427.42.1.el9_4
    sourcerpm: kernel-5.14.0-427.42.1.el9_4.src.rpm
  - url: https://cdn.redhat.com/content/dist/rhel9/9.4/aarch64/appstream/os/Packages/l/libasan-11.4.1-3.el9.aarch64.rpm
    repoid: rhel-9-for-aarch64-appstream-rpms
    size: 421373
    checksum: sha256:a085db9b8ff3e9fc6749f1f7298737f8485d404b18079f958901f6f4f139e47a
    name: libasan
    evr: 11.4.1-3.el9
    sourcerpm: gcc-11.4.1-3.el9.src.rpm
  - url: https://cdn.redhat.com/content/dist/rhel9/9.4/aarch64/appstream/os/Packages/l/libmpc-1.2.1-4.el9.aarch64.rpm
    repoid: rhel-9-for-aarch64-appstream-rpms
    size: 67120
    checksum: sha256:3763354a5f45d886f9976eec20eb34f8afc2144c69ffba07de546f2820893c70
    name: libmpc
    evr: 1.2.1-4.el9
    sourcerpm: libmpc-1.2.1-4.el9.src.rpm
  - url: https://cdn.redhat.com/content/dist/rhel9/9.4/aarch64/appstream/os/Packages/l/libubsan-11.4.1-3.el9.aarch64.rpm
    repoid: rhel-9-for-aarch64-appstream-rpms
    size: 191207
    checksum: sha256:bd6b3bcea8dd5e9d7212d52552fce2a6687a978a38aa9e4a92448aa585398b33
    name: libubsan
    evr: 11.4.1-3.el9
    sourcerpm: gcc-11.4.1-3.el9.src.rpm
  - url: https://cdn.redhat.com/content/dist/rhel9/9.4/aarch64/appstream/os/Packages/l/libxcrypt-devel-4.4.18-3.el9.aarch64.rpm
    repoid: rhel-9-for-aarch64-appstream-rpms
    size: 33051
    checksum: sha256:9d621f33df35b9c274b8d65457d6c67fc1522b6c62cf7b2341a4a99f39a93507
    name: libxcrypt-devel
    evr: 4.4.18-3.el9
    sourcerpm: libxcrypt-4.4.18-3.el9.src.rpm
  - url: https://cdn.redhat.com/content/dist/rhel9/9.4/aarch64/appstream/os/Packages/l/llvm-libs-17.0.6-5.el9.aarch64.rpm
    repoid: rhel-9-for-aarch64-appstream-rpms
    size: 24219808
    checksum: sha256:55876f9bb03d31ceca9909ee718bca1e77d433236c6fdf7eefbc806898c836b7
    name: llvm-libs
    evr: 17.0.6-5.el9
    sourcerpm: llvm-17.0.6-5.el9.src.rpm
  - url: https://cdn.redhat.com/content/dist/rhel9/9.4/aarch64/appstream/os/Packages/p/protobuf-3.14.0-13.el9.aarch64.rpm
    repoid: rhel-9-for-aarch64-appstream-rpms
    size: 962919
    checksum: sha256:7f751e2ba51d9a4b62668f7181c7ca0d7a487a3ba82c2f8881a60e27921af4d9
    name: protobuf
    evr: 3.14.0-13.el9
    sourcerpm: protobuf-3.14.0-13.el9.src.rpm
  - url: https://cdn.redhat.com/content/dist/rhel9/9.4/aarch64/appstream/os/Packages/r/rust-1.75.0-1.el9.aarch64.rpm
    repoid: rhel-9-for-aarch64-appstream-rpms
    size: 23904686
    checksum: sha256:815c044ca3c415554dba0891082e1afc3e854450147ed4aaa0eddea5fb03d233
    name: rust
    evr: 1.75.0-1.el9
    sourcerpm: rust-1.75.0-1.el9.src.rpm
  - url: https://cdn.redhat.com/content/dist/rhel9/9.4/aarch64/appstream/os/Packages/r/rust-std-static-1.75.0-1.el9.aarch64.rpm
    repoid: rhel-9-for-aarch64-appstream-rpms
    size: 29765180
    checksum: sha256:514c1d78b53f0e3732601db10565c26a33d4a3c89ce4ae7e2a512a5b36963633
    name: rust-std-static
    evr: 1.75.0-1.el9
    sourcerpm: rust-1.75.0-1.el9.src.rpm
  - url: https://cdn.redhat.com/content/dist/rhel9/9.4/aarch64/baseos/os/Packages/b/binutils-2.35.2-43.el9.aarch64.rpm
    repoid: rhel-9-for-aarch64-baseos-rpms
    size: 5024988
    checksum: sha256:8cf5a3b2ede33c41bc1cda6b08efbc31082143fd891b24272ec5d3ebbe9be8fb
    name: binutils
    evr: 2.35.2-43.el9
    sourcerpm: binutils-2.35.2-43.el9.src.rpm
  - url: https://cdn.redhat.com/content/dist/rhel9/9.4/aarch64/baseos/os/Packages/b/binutils-gold-2.35.2-43.el9.aarch64.rpm
    repoid: rhel-9-for-aarch64-baseos-rpms
    size: 904090
    checksum: sha256:0ed5890c34b47c8926273f254013e6b7decb6f306d4569b75a775c1ffb56fd7d
    name: binutils-gold
    evr: 2.35.2-43.el9
    sourcerpm: binutils-2.35.2-43.el9.src.rpm
  - url: https://cdn.redhat.com/content/dist/rhel9/9.4/aarch64/baseos/os/Packages/e/elfutils-debuginfod-client-0.190-2.el9.aarch64.rpm
    repoid: rhel-9-for-aarch64-baseos-rpms
    size: 39099
    checksum: sha256:2f16ac3a350091ea2517dae53b8cad48f6fb76070d50d7f0f6dff6042f2563fd
    name: elfutils-debuginfod-client
    evr: 0.190-2.el9
    sourcerpm: elfutils-0.190-2.el9.src.rpm
  - url: https://cdn.redhat.com/content/dist/rhel9/9.4/aarch64/baseos/os/Packages/g/glibc-2.34-100.el9_4.4.aarch64.rpm
    repoid: rhel-9-for-aarch64-baseos-rpms
    size: 1807264
    checksum: sha256:5cfa27d2cf523ca88c1c3a9c421e65593edfe8818bc890cafa4cc4393db61d3f
    name: glibc
    evr: 2.34-100.el9_4.4
    sourcerpm: glibc-2.34-100.el9_4.4.src.rpm
  - url: https://cdn.redhat.com/content/dist/rhel9/9.4/aarch64/baseos/os/Packages/g/glibc-common-2.34-100.el9_4.4.aarch64.rpm
    repoid: rhel-9-for-aarch64-baseos-rpms
    size: 303509
    checksum: sha256:e66a3fe284e02ad5011c072ba0123c50fe05f13a35b41b53f31a4ea9718f8910
    name: glibc-common
    evr: 2.34-100.el9_4.4
    sourcerpm: glibc-2.34-100.el9_4.4.src.rpm
  - url: https://cdn.redhat.com/content/dist/rhel9/9.4/aarch64/baseos/os/Packages/g/glibc-langpack-en-2.34-100.el9_4.4.aarch64.rpm
    repoid: rhel-9-for-aarch64-baseos-rpms
    size: 674935
    checksum: sha256:58abb4729f14f90c970eaee051d5e1a6a2a8faea40b8ba781e92b2dc01b42fd4
    name: glibc-langpack-en
    evr: 2.34-100.el9_4.4
    sourcerpm: glibc-2.34-100.el9_4.4.src.rpm
  - url: https://cdn.redhat.com/content/dist/rhel9/9.4/aarch64/baseos/os/Packages/g/glibc-minimal-langpack-2.34-100.el9_4.4.aarch64.rpm
    repoid: rhel-9-for-aarch64-baseos-rpms
    size: 21093
    checksum: sha256:b76ac4acb689e60455358cc4b49cfdc4aa2df9c8b8f76f2727c7025a51bc915f
    name: glibc-minimal-langpack
    evr: 2.34-100.el9_4.4
    sourcerpm: glibc-2.34-100.el9_4.4.src.rpm
  - url: https://cdn.redhat.com/content/dist/rhel9/9.4/aarch64/baseos/os/Packages/l/libatomic-11.4.1-3.el9.aarch64.rpm
    repoid: rhel-9-for-aarch64-baseos-rpms
    size: 38225
    checksum: sha256:9f858f9f01d74bb00b64934b4306cfe8a6383379816a9ab5b9103d1551bea52b
    name: libatomic
    evr: 11.4.1-3.el9
    sourcerpm: gcc-11.4.1-3.el9.src.rpm
  - url: https://cdn.redhat.com/content/dist/rhel9/9.4/aarch64/baseos/os/Packages/l/libedit-3.1-38.20210216cvs.el9.aarch64.rpm
    repoid: rhel-9-for-aarch64-baseos-rpms
    size: 107505
    checksum: sha256:a56a79e2254db3d351dce58e9960921aec45715b6b7c93eb7a0f453d1e60bae4
    name: libedit
    evr: 3.1-38.20210216cvs.el9
    sourcerpm: libedit-3.1-38.20210216cvs.el9.src.rpm
  - url: https://cdn.redhat.com/content/dist/rhel9/9.4/aarch64/baseos/os/Packages/l/libgomp-11.4.1-3.el9.aarch64.rpm
    repoid: rhel-9-for-aarch64-baseos-rpms
    size: 275251
    checksum: sha256:87ff930132434e16650b4b40f0bb86e9edc5ce399608113afc0afbf2aa084a5e
    name: libgomp
    evr: 11.4.1-3.el9
    sourcerpm: gcc-11.4.1-3.el9.src.rpm
  - url: https://cdn.redhat.com/content/dist/rhel9/9.4/aarch64/baseos/os/Packages/l/libpkgconf-1.7.3-10.el9.aarch64.rpm
    repoid: rhel-9-for-aarch64-baseos-rpms
    size: 38310
    checksum: sha256:9bdfccf6b092e0683aa6984f7c6caa737b30c0b1495e16abb03b5d1a5f8e787a
    name: libpkgconf
    evr: 1.7.3-10.el9
    sourcerpm: pkgconf-1.7.3-10.el9.src.rpm
  - url: https://cdn.redhat.com/content/dist/rhel9/9.4/aarch64/baseos/os/Packages/m/make-4.3-8.el9.aarch64.rpm
    repoid: rhel-9-for-aarch64-baseos-rpms
    size: 550249
    checksum: sha256:351a22b0e6744bd329b1b0f22d9c3b69a6da970b575e6c76190cc84b0fe77450
    name: make
    evr: 1:4.3-8.el9
    sourcerpm: make-4.3-8.el9.src.rpm
  - url: https://cdn.redhat.com/content/dist/rhel9/9.4/aarch64/baseos/os/Packages/p/pkgconf-1.7.3-10.el9.aarch64.rpm
    repoid: rhel-9-for-aarch64-baseos-rpms
    size: 45196
    checksum: sha256:aa38a3951a690d721a815ea8f9b01995a85f35a8540d8075205821011d0385e6
    name: pkgconf
    evr: 1.7.3-10.el9
    sourcerpm: pkgconf-1.7.3-10.el9.src.rpm
  - url: https://cdn.redhat.com/content/dist/rhel9/9.4/aarch64/baseos/os/Packages/p/pkgconf-pkg-config-1.7.3-10.el9.aarch64.rpm
    repoid: rhel-9-for-aarch64-baseos-rpms
    size: 12398
    checksum: sha256:47f1f744f96a2f3d360bc129837738dcebb1ee5032effc4472a891eea1d6a907
    name: pkgconf-pkg-config
    evr: 1.7.3-10.el9
    sourcerpm: pkgconf-1.7.3-10.el9.src.rpm
  - url: https://cdn.redhat.com/content/dist/rhel9/9.4/aarch64/codeready-builder/os/Packages/p/protobuf-compiler-3.14.0-13.el9.aarch64.rpm
    repoid: codeready-builder-for-rhel-9-aarch64-rpms
    size: 794569
    checksum: sha256:cc3c8f5e340761a08a632d70a77a6afd4edc68f4ef92f6ed20dc5084d1cabb9f
    name: protobuf-compiler
    evr: 3.14.0-13.el9
    sourcerpm: protobuf-3.14.0-13.el9.src.rpm
  - url: https://cdn.redhat.com/content/dist/rhel9/9.4/x86_64/appstream/os/Packages/r/rust-toolset-1.75.0-1.el9.noarch.rpm
    repoid: rhel-9-for-x86_64-appstream-rpms
    size: 13082
    checksum: sha256:d1b99a3fe42114436dd35ed0010cea12ad5205685dbdb83bd30837715f2b202f
    name: rust-toolset
    evr: 1.75.0-1.el9
    sourcerpm: rust-1.75.0-1.el9.src.rpm
  - url: https://cdn.redhat.com/content/dist/rhel9/9.4/x86_64/baseos/os/Packages/p/pkgconf-m4-1.7.3-10.el9.noarch.rpm
    repoid: rhel-9-for-x86_64-baseos-rpms
    size: 16054
    checksum: sha256:91bafd6e06099451f60288327b275cfcc651822f6145176a157c6b0fa5131e02
    name: pkgconf-m4
    evr: 1.7.3-10.el9
    sourcerpm: pkgconf-1.7.3-10.el9.src.rpm
  source: []
  module_metadata: []
- arch: x86_64
  packages:
  - url: https://cdn.redhat.com/content/dist/rhel9/9.4/x86_64/appstream/os/Packages/c/cargo-1.75.0-1.el9.x86_64.rpm
    repoid: rhel-9-for-x86_64-appstream-rpms
    size: 6705303
    checksum: sha256:0561082ed6cf1e36108095c4ff72beb3d4b1d2d20b5f4c80308b4c3d273e777e
    name: cargo
    evr: 1.75.0-1.el9
    sourcerpm: rust-1.75.0-1.el9.src.rpm
  - url: https://cdn.redhat.com/content/dist/rhel9/9.4/x86_64/appstream/os/Packages/c/cpp-11.4.1-3.el9.x86_64.rpm
    repoid: rhel-9-for-x86_64-appstream-rpms
    size: 11153534
    checksum: sha256:45907c9130a09f20f2e7bdb09f7371a1b6221c161a492dfab0a744fbe5e66e7e
    name: cpp
    evr: 11.4.1-3.el9
    sourcerpm: gcc-11.4.1-3.el9.src.rpm
  - url: https://cdn.redhat.com/content/dist/rhel9/9.4/x86_64/appstream/os/Packages/g/gcc-11.4.1-3.el9.x86_64.rpm
    repoid: rhel-9-for-x86_64-appstream-rpms
    size: 33805852
    checksum: sha256:18668f95c29b72e90ff42811a378c8c2ee8db71aff07de09a156aa7388720cb8
    name: gcc
    evr: 11.4.1-3.el9
    sourcerpm: gcc-11.4.1-3.el9.src.rpm
  - url: https://cdn.redhat.com/content/dist/rhel9/9.4/x86_64/appstream/os/Packages/g/glibc-devel-2.34-100.el9_4.4.x86_64.rpm
    repoid: rhel-9-for-x86_64-appstream-rpms
    size: 36205
    checksum: sha256:c7c88469c845e5550037d17d544c2fdcde683e6410e6aad77b5cdd09580d15ca
    name: glibc-devel
    evr: 2.34-100.el9_4.4
    sourcerpm: glibc-2.34-100.el9_4.4.src.rpm
  - url: https://cdn.redhat.com/content/dist/rhel9/9.4/x86_64/appstream/os/Packages/g/glibc-headers-2.34-100.el9_4.4.x86_64.rpm
    repoid: rhel-9-for-x86_64-appstream-rpms
    size: 553893
    checksum: sha256:2dc0c045df41e6d5f34c846a8c8ffd77b1618bdd05b920f85bb27742b208bcff
    name: glibc-headers
    evr: 2.34-100.el9_4.4
    sourcerpm: glibc-2.34-100.el9_4.4.src.rpm
  - url: https://cdn.redhat.com/content/dist/rhel9/9.4/x86_64/appstream/os/Packages/k/kernel-headers-5.14.0-427.42.1.el9_4.x86_64.rpm
    repoid: rhel-9-for-x86_64-appstream-rpms
    size: 6578513
    checksum: sha256:a7767c560b0ca3864c47284316c73f58a7ff01b0be46ec4330a635b19ad80f5f
    name: kernel-headers
    evr: 5.14.0-427.42.1.el9_4
    sourcerpm: kernel-5.14.0-427.42.1.el9_4.src.rpm
  - url: https://cdn.redhat.com/content/dist/rhel9/9.4/x86_64/appstream/os/Packages/l/libmpc-1.2.1-4.el9.x86_64.rpm
    repoid: rhel-9-for-x86_64-appstream-rpms
    size: 66075
    checksum: sha256:b97b4e98c3c6f41dcfc2ceb4ffa1aba7a338b7cfd9e6c4f63e3160dd3cc033d3
    name: libmpc
    evr: 1.2.1-4.el9
    sourcerpm: libmpc-1.2.1-4.el9.src.rpm
  - url: https://cdn.redhat.com/content/dist/rhel9/9.4/x86_64/appstream/os/Packages/l/libxcrypt-devel-4.4.18-3.el9.x86_64.rpm
    repoid: rhel-9-for-x86_64-appstream-rpms
    size: 33101
    checksum: sha256:c1d171391a7d2e043a6953efd3df3e01edc9b4c6cdb54517e1608d204a5fce18
    name: libxcrypt-devel
    evr: 4.4.18-3.el9
    sourcerpm: libxcrypt-4.4.18-3.el9.src.rpm
  - url: https://cdn.redhat.com/content/dist/rhel9/9.4/x86_64/appstream/os/Packages/l/llvm-libs-17.0.6-5.el9.x86_64.rpm
    repoid: rhel-9-for-x86_64-appstream-rpms
    size: 25743310
    checksum: sha256:1e9e470c0385fee6e35abff00e417338437ee70685040ff4b343129a0ce66ec5
    name: llvm-libs
    evr: 17.0.6-5.el9
    sourcerpm: llvm-17.0.6-5.el9.src.rpm
  - url: https://cdn.redhat.com/content/dist/rhel9/9.4/x86_64/appstream/os/Packages/p/protobuf-3.14.0-13.el9.x86_64.rpm
    repoid: rhel-9-for-x86_64-appstream-rpms
    size: 1060262
    checksum: sha256:671f257fce903bd5c3dfb7316daa2efc7d8f5aa7de5c9dafc5a8883e246afc7e
    name: protobuf
    evr: 3.14.0-13.el9
    sourcerpm: protobuf-3.14.0-13.el9.src.rpm
  - url: https://cdn.redhat.com/content/dist/rhel9/9.4/x86_64/appstream/os/Packages/r/rust-1.75.0-1.el9.x86_64.rpm
    repoid: rhel-9-for-x86_64-appstream-rpms
    size: 25577052
    checksum: sha256:16d70ef1f6c9884ced2b9f3e656c2dddddc0d4774fb90fe0e04a8506df28e4d6
    name: rust
    evr: 1.75.0-1.el9
    sourcerpm: rust-1.75.0-1.el9.src.rpm
  - url: https://cdn.redhat.com/content/dist/rhel9/9.4/x86_64/appstream/os/Packages/r/rust-std-static-1.75.0-1.el9.x86_64.rpm
    repoid: rhel-9-for-x86_64-appstream-rpms
    size: 30413394
    checksum: sha256:da08841a5404b0923cd66fbda617ed279bbc2da62b3915d7475c26fb59770845
    name: rust-std-static
    evr: 1.75.0-1.el9
    sourcerpm: rust-1.75.0-1.el9.src.rpm
  - url: https://cdn.redhat.com/content/dist/rhel9/9.4/x86_64/appstream/os/Packages/r/rust-toolset-1.75.0-1.el9.noarch.rpm
    repoid: rhel-9-for-x86_64-appstream-rpms
    size: 13082
    checksum: sha256:d1b99a3fe42114436dd35ed0010cea12ad5205685dbdb83bd30837715f2b202f
    name: rust-toolset
    evr: 1.75.0-1.el9
    sourcerpm: rust-1.75.0-1.el9.src.rpm
  - url: https://cdn.redhat.com/content/dist/rhel9/9.4/x86_64/baseos/os/Packages/b/binutils-2.35.2-43.el9.x86_64.rpm
    repoid: rhel-9-for-x86_64-baseos-rpms
    size: 4814336
    checksum: sha256:699736ac7d7c7923698dc5e441bdbf6d70f35eeba7ae43d6606ce5dbbf1ec2fb
    name: binutils
    evr: 2.35.2-43.el9
    sourcerpm: binutils-2.35.2-43.el9.src.rpm
  - url: https://cdn.redhat.com/content/dist/rhel9/9.4/x86_64/baseos/os/Packages/b/binutils-gold-2.35.2-43.el9.x86_64.rpm
    repoid: rhel-9-for-x86_64-baseos-rpms
    size: 754052
    checksum: sha256:943aaa9fcd7455f453d9cb7b2b54b2fdd5d312ee7f88f2f586db666c89260936
    name: binutils-gold
    evr: 2.35.2-43.el9
    sourcerpm: binutils-2.35.2-43.el9.src.rpm
  - url: https://cdn.redhat.com/content/dist/rhel9/9.4/x86_64/baseos/os/Packages/e/elfutils-debuginfod-client-0.190-2.el9.x86_64.rpm
    repoid: rhel-9-for-x86_64-baseos-rpms
    size: 39619
    checksum: sha256:8318e4801d9a4e5cb9c0b647b8b3c1d969627d8f8ced0d5220bdddf668583e63
    name: elfutils-debuginfod-client
    evr: 0.190-2.el9
    sourcerpm: elfutils-0.190-2.el9.src.rpm
  - url: https://cdn.redhat.com/content/dist/rhel9/9.4/x86_64/baseos/os/Packages/g/glibc-2.34-100.el9_4.4.x86_64.rpm
    repoid: rhel-9-for-x86_64-baseos-rpms
    size: 2066882
    checksum: sha256:f2ab157525ff3ab2d4e6fa0d77fa58e0d6174a167a6c378d9302f146926f6bdb
    name: glibc
    evr: 2.34-100.el9_4.4
    sourcerpm: glibc-2.34-100.el9_4.4.src.rpm
  - url: https://cdn.redhat.com/content/dist/rhel9/9.4/x86_64/baseos/os/Packages/g/glibc-common-2.34-100.el9_4.4.x86_64.rpm
    repoid: rhel-9-for-x86_64-baseos-rpms
    size: 314113
    checksum: sha256:85f9311225af5fdd235f23b63f243058aeee9b65b14c55a2d9bbdd1409de8970
    name: glibc-common
    evr: 2.34-100.el9_4.4
    sourcerpm: glibc-2.34-100.el9_4.4.src.rpm
  - url: https://cdn.redhat.com/content/dist/rhel9/9.4/x86_64/baseos/os/Packages/g/glibc-langpack-en-2.34-100.el9_4.4.x86_64.rpm
    repoid: rhel-9-for-x86_64-baseos-rpms
    size: 674961
    checksum: sha256:404ea4f5108366a13109b46230ced6e7fe96fdf6aa90ea2bcf9b63f25ba1a702
    name: glibc-langpack-en
    evr: 2.34-100.el9_4.4
    sourcerpm: glibc-2.34-100.el9_4.4.src.rpm
  - url: https://cdn.redhat.com/content/dist/rhel9/9.4/x86_64/baseos/os/Packages/g/glibc-minimal-langpack-2.34-100.el9_4.4.x86_64.rpm
    repoid: rhel-9-for-x86_64-baseos-rpms
    size: 21129
    checksum: sha256:1e85eceb7b60d23c1f9f93373e3a03d1938fe8362ff5dca9889226984149570c
    name: glibc-minimal-langpack
    evr: 2.34-100.el9_4.4
    sourcerpm: glibc-2.34-100.el9_4.4.src.rpm
  - url: https://cdn.redhat.com/content/dist/rhel9/9.4/x86_64/baseos/os/Packages/l/libedit-3.1-38.20210216cvs.el9.x86_64.rpm
    repoid: rhel-9-for-x86_64-baseos-rpms
    size: 109330
    checksum: sha256:9e41ff5754a5dca1308adf9617828934d56cb60d8d08f128f80e4328f69bc78c
    name: libedit
    evr: 3.1-38.20210216cvs.el9
    sourcerpm: libedit-3.1-38.20210216cvs.el9.src.rpm
  - url: https://cdn.redhat.com/content/dist/rhel9/9.4/x86_64/baseos/os/Packages/l/libgomp-11.4.1-3.el9.x86_64.rpm
    repoid: rhel-9-for-x86_64-baseos-rpms
    size: 276984
    checksum: sha256:6aeb5c48a9c01c9f383cbaf99d2b550faa64fcbe298c546db9b98651088bcf55
    name: libgomp
    evr: 11.4.1-3.el9
    sourcerpm: gcc-11.4.1-3.el9.src.rpm
  - url: https://cdn.redhat.com/content/dist/rhel9/9.4/x86_64/baseos/os/Packages/l/libpkgconf-1.7.3-10.el9.x86_64.rpm
    repoid: rhel-9-for-x86_64-baseos-rpms
    size: 38387
    checksum: sha256:4feae5941b73640bd86b8d506a657cac5b770043db1464fbcd207721b2159dda
    name: libpkgconf
    evr: 1.7.3-10.el9
    sourcerpm: pkgconf-1.7.3-10.el9.src.rpm
  - url: https://cdn.redhat.com/content/dist/rhel9/9.4/x86_64/baseos/os/Packages/m/make-4.3-8.el9.x86_64.rpm
    repoid: rhel-9-for-x86_64-baseos-rpms
    size: 553896
    checksum: sha256:561f0c2251e9217c81a6c88de4d2d9231a039aaab37e8a0d2559d36ce9fa85fd
    name: make
    evr: 1:4.3-8.el9
    sourcerpm: make-4.3-8.el9.src.rpm
  - url: https://cdn.redhat.com/content/dist/rhel9/9.4/x86_64/baseos/os/Packages/p/pkgconf-1.7.3-10.el9.x86_64.rpm
    repoid: rhel-9-for-x86_64-baseos-rpms
    size: 45675
    checksum: sha256:bb47b4ecc499c308f41031a99e723827d152d5d750f59849d0c265d820944a26
    name: pkgconf
    evr: 1.7.3-10.el9
    sourcerpm: pkgconf-1.7.3-10.el9.src.rpm
  - url: https://cdn.redhat.com/content/dist/rhel9/9.4/x86_64/baseos/os/Packages/p/pkgconf-m4-1.7.3-10.el9.noarch.rpm
    repoid: rhel-9-for-x86_64-baseos-rpms
    size: 16054
    checksum: sha256:91bafd6e06099451f60288327b275cfcc651822f6145176a157c6b0fa5131e02
    name: pkgconf-m4
    evr: 1.7.3-10.el9
    sourcerpm: pkgconf-1.7.3-10.el9.src.rpm
  - url: https://cdn.redhat.com/content/dist/rhel9/9.4/x86_64/baseos/os/Packages/p/pkgconf-pkg-config-1.7.3-10.el9.x86_64.rpm
    repoid: rhel-9-for-x86_64-baseos-rpms
    size: 12438
    checksum: sha256:9a502d81d73d3303ceb53a06ad7ce525c97117ea64352174a33708bf3429283d
    name: pkgconf-pkg-config
    evr: 1.7.3-10.el9
    sourcerpm: pkgconf-1.7.3-10.el9.src.rpm
  - url: https://cdn.redhat.com/content/dist/rhel9/9.4/x86_64/codeready-builder/os/Packages/p/protobuf-compiler-3.14.0-13.el9.x86_64.rpm
    repoid: codeready-builder-for-rhel-9-x86_64-rpms
    size: 886661
    checksum: sha256:5c3347d5fda16a001477b4b378c88f895488f6f0ff00432ebd302dd92f46193c
    name: protobuf-compiler
    evr: 3.14.0-13.el9
    sourcerpm: protobuf-3.14.0-13.el9.src.rpm
  source: []
  module_metadata: []
